
Microsoft Visual Studio Solution File, Format Version 12.00
# Visual Studio Version 16
VisualStudioVersion = 16.0.29926.136
MinimumVisualStudioVersion = 10.0.40219.1
Project("{FAE04EC0-301F-11D3-BF4B-00C04F79EFBC}") = "CoronaTracker.Android", "CoronaTracker\CoronaTracker.Android\CoronaTracker.Android.csproj", "{0E0A5A93-FBFC-4307-B92A-7B445D879C90}"
EndProject
Project("{FAE04EC0-301F-11D3-BF4B-00C04F79EFBC}") = "CoronaTracker.iOS", "CoronaTracker\CoronaTracker.iOS\CoronaTracker.iOS.csproj", "{F3A194FA-850E-4DB7-AA0E-9982111EB6C3}"
EndProject
Project("{FAE04EC0-301F-11D3-BF4B-00C04F79EFBC}") = "CoronaTracker", "CoronaTracker\CoronaTracker\CoronaTracker.csproj", "{4403339E-02D9-43F6-B904-7CE8EB8F1C38}"
EndProject
Global
	GlobalSection(SolutionConfigurationPlatforms) = preSolution
		AppStores|Any CPU = AppStores|Any CPU
		AppStores|iPhone = AppStores|iPhone
		AppStores|iPhoneSimulator = AppStores|iPhoneSimulator
		Development|Any CPU = Development|Any CPU
		Development|iPhone = Development|iPhone
		Development|iPhoneSimulator = Development|iPhoneSimulator
		UAT|Any CPU = UAT|Any CPU
		UAT|iPhone = UAT|iPhone
		UAT|iPhoneSimulator = UAT|iPhoneSimulator
		UAT-Release|Any CPU = UAT-Release|Any CPU
		UAT-Release|iPhone = UAT-Release|iPhone
		UAT-Release|iPhoneSimulator = UAT-Release|iPhoneSimulator
	EndGlobalSection
	GlobalSection(ProjectConfigurationPlatforms) = postSolution
		{0E0A5A93-FBFC-4307-B92A-7B445D879C90}.AppStores|Any CPU.ActiveCfg = AppStores|Any CPU
		{0E0A5A93-FBFC-4307-B92A-7B445D879C90}.AppStores|Any CPU.Build.0 = AppStores|Any CPU
		{0E0A5A93-FBFC-4307-B92A-7B445D879C90}.AppStores|Any CPU.Deploy.0 = AppStores|Any CPU
		{0E0A5A93-FBFC-4307-B92A-7B445D879C90}.AppStores|iPhone.ActiveCfg = AppStores|Any CPU
		{0E0A5A93-FBFC-4307-B92A-7B445D879C90}.AppStores|iPhone.Build.0 = AppStores|Any CPU
		{0E0A5A93-FBFC-4307-B92A-7B445D879C90}.AppStores|iPhone.Deploy.0 = AppStores|Any CPU
		{0E0A5A93-FBFC-4307-B92A-7B445D879C90}.AppStores|iPhoneSimulator.ActiveCfg = AppStores|Any CPU
		{0E0A5A93-FBFC-4307-B92A-7B445D879C90}.AppStores|iPhoneSimulator.Build.0 = AppStores|Any CPU
		{0E0A5A93-FBFC-4307-B92A-7B445D879C90}.AppStores|iPhoneSimulator.Deploy.0 = AppStores|Any CPU
		{0E0A5A93-FBFC-4307-B92A-7B445D879C90}.Development|Any CPU.ActiveCfg = Development|Any CPU
		{0E0A5A93-FBFC-4307-B92A-7B445D879C90}.Development|Any CPU.Build.0 = Development|Any CPU
		{0E0A5A93-FBFC-4307-B92A-7B445D879C90}.Development|Any CPU.Deploy.0 = Development|Any CPU
		{0E0A5A93-FBFC-4307-B92A-7B445D879C90}.Development|iPhone.ActiveCfg = Development|Any CPU
		{0E0A5A93-FBFC-4307-B92A-7B445D879C90}.Development|iPhone.Build.0 = Development|Any CPU
		{0E0A5A93-FBFC-4307-B92A-7B445D879C90}.Development|iPhone.Deploy.0 = Development|Any CPU
		{0E0A5A93-FBFC-4307-B92A-7B445D879C90}.Development|iPhoneSimulator.ActiveCfg = Development|Any CPU
		{0E0A5A93-FBFC-4307-B92A-7B445D879C90}.Development|iPhoneSimulator.Build.0 = Development|Any CPU
		{0E0A5A93-FBFC-4307-B92A-7B445D879C90}.Development|iPhoneSimulator.Deploy.0 = Development|Any CPU
		{0E0A5A93-FBFC-4307-B92A-7B445D879C90}.UAT|Any CPU.ActiveCfg = UAT|Any CPU
		{0E0A5A93-FBFC-4307-B92A-7B445D879C90}.UAT|Any CPU.Build.0 = UAT|Any CPU
		{0E0A5A93-FBFC-4307-B92A-7B445D879C90}.UAT|Any CPU.Deploy.0 = UAT|Any CPU
		{0E0A5A93-FBFC-4307-B92A-7B445D879C90}.UAT|iPhone.ActiveCfg = UAT|Any CPU
		{0E0A5A93-FBFC-4307-B92A-7B445D879C90}.UAT|iPhone.Build.0 = UAT|Any CPU
		{0E0A5A93-FBFC-4307-B92A-7B445D879C90}.UAT|iPhone.Deploy.0 = UAT|Any CPU
		{0E0A5A93-FBFC-4307-B92A-7B445D879C90}.UAT|iPhoneSimulator.ActiveCfg = UAT|Any CPU
		{0E0A5A93-FBFC-4307-B92A-7B445D879C90}.UAT|iPhoneSimulator.Build.0 = UAT|Any CPU
		{0E0A5A93-FBFC-4307-B92A-7B445D879C90}.UAT|iPhoneSimulator.Deploy.0 = UAT|Any CPU
		{0E0A5A93-FBFC-4307-B92A-7B445D879C90}.UAT-Release|Any CPU.ActiveCfg = UAT-Release|Any CPU
		{0E0A5A93-FBFC-4307-B92A-7B445D879C90}.UAT-Release|Any CPU.Build.0 = UAT-Release|Any CPU
		{0E0A5A93-FBFC-4307-B92A-7B445D879C90}.UAT-Release|Any CPU.Deploy.0 = UAT-Release|Any CPU
		{0E0A5A93-FBFC-4307-B92A-7B445D879C90}.UAT-Release|iPhone.ActiveCfg = UAT-Release|Any CPU
		{0E0A5A93-FBFC-4307-B92A-7B445D879C90}.UAT-Release|iPhone.Build.0 = UAT-Release|Any CPU
		{0E0A5A93-FBFC-4307-B92A-7B445D879C90}.UAT-Release|iPhone.Deploy.0 = UAT-Release|Any CPU
		{0E0A5A93-FBFC-4307-B92A-7B445D879C90}.UAT-Release|iPhoneSimulator.ActiveCfg = UAT-Release|Any CPU
		{0E0A5A93-FBFC-4307-B92A-7B445D879C90}.UAT-Release|iPhoneSimulator.Build.0 = UAT-Release|Any CPU
		{0E0A5A93-FBFC-4307-B92A-7B445D879C90}.UAT-Release|iPhoneSimulator.Deploy.0 = UAT-Release|Any CPU
		{F3A194FA-850E-4DB7-AA0E-9982111EB6C3}.AppStores|Any CPU.ActiveCfg = AppStores|iPhone
		{F3A194FA-850E-4DB7-AA0E-9982111EB6C3}.AppStores|iPhone.ActiveCfg = AppStores|iPhone
		{F3A194FA-850E-4DB7-AA0E-9982111EB6C3}.AppStores|iPhone.Build.0 = AppStores|iPhone
		{F3A194FA-850E-4DB7-AA0E-9982111EB6C3}.AppStores|iPhone.Deploy.0 = AppStores|iPhone
		{F3A194FA-850E-4DB7-AA0E-9982111EB6C3}.AppStores|iPhoneSimulator.ActiveCfg = AppStores|iPhoneSimulator
		{F3A194FA-850E-4DB7-AA0E-9982111EB6C3}.AppStores|iPhoneSimulator.Build.0 = AppStores|iPhoneSimulator
		{F3A194FA-850E-4DB7-AA0E-9982111EB6C3}.AppStores|iPhoneSimulator.Deploy.0 = AppStores|iPhoneSimulator
		{F3A194FA-850E-4DB7-AA0E-9982111EB6C3}.Development|Any CPU.ActiveCfg = Development|iPhone
		{F3A194FA-850E-4DB7-AA0E-9982111EB6C3}.Development|iPhone.ActiveCfg = Development|iPhone
		{F3A194FA-850E-4DB7-AA0E-9982111EB6C3}.Development|iPhone.Build.0 = Development|iPhone
		{F3A194FA-850E-4DB7-AA0E-9982111EB6C3}.Development|iPhone.Deploy.0 = Development|iPhone
		{F3A194FA-850E-4DB7-AA0E-9982111EB6C3}.Development|iPhoneSimulator.ActiveCfg = Development|iPhoneSimulator
		{F3A194FA-850E-4DB7-AA0E-9982111EB6C3}.Development|iPhoneSimulator.Build.0 = Development|iPhoneSimulator
		{F3A194FA-850E-4DB7-AA0E-9982111EB6C3}.Development|iPhoneSimulator.Deploy.0 = Development|iPhoneSimulator
		{F3A194FA-850E-4DB7-AA0E-9982111EB6C3}.UAT|Any CPU.ActiveCfg = UAT|iPhone
		{F3A194FA-850E-4DB7-AA0E-9982111EB6C3}.UAT|iPhone.ActiveCfg = UAT|iPhone
		{F3A194FA-850E-4DB7-AA0E-9982111EB6C3}.UAT|iPhone.Build.0 = UAT|iPhone
		{F3A194FA-850E-4DB7-AA0E-9982111EB6C3}.UAT|iPhone.Deploy.0 = UAT|iPhone
		{F3A194FA-850E-4DB7-AA0E-9982111EB6C3}.UAT|iPhoneSimulator.ActiveCfg = UAT|iPhoneSimulator
		{F3A194FA-850E-4DB7-AA0E-9982111EB6C3}.UAT|iPhoneSimulator.Build.0 = UAT|iPhoneSimulator
		{F3A194FA-850E-4DB7-AA0E-9982111EB6C3}.UAT|iPhoneSimulator.Deploy.0 = UAT|iPhoneSimulator
		{F3A194FA-850E-4DB7-AA0E-9982111EB6C3}.UAT-Release|Any CPU.ActiveCfg = UAT-Release|iPhone
		{F3A194FA-850E-4DB7-AA0E-9982111EB6C3}.UAT-Release|iPhone.ActiveCfg = UAT-Release|iPhone
		{F3A194FA-850E-4DB7-AA0E-9982111EB6C3}.UAT-Release|iPhone.Build.0 = UAT-Release|iPhone
		{F3A194FA-850E-4DB7-AA0E-9982111EB6C3}.UAT-Release|iPhone.Deploy.0 = UAT-Release|iPhone
		{F3A194FA-850E-4DB7-AA0E-9982111EB6C3}.UAT-Release|iPhoneSimulator.ActiveCfg = UAT-Release|iPhoneSimulator
		{F3A194FA-850E-4DB7-AA0E-9982111EB6C3}.UAT-Release|iPhoneSimulator.Build.0 = UAT-Release|iPhoneSimulator
		{F3A194FA-850E-4DB7-AA0E-9982111EB6C3}.UAT-Release|iPhoneSimulator.Deploy.0 = UAT-Release|iPhoneSimulator
		{4403339E-02D9-43F6-B904-7CE8EB8F1C38}.AppStores|Any CPU.ActiveCfg = AppStores|Any CPU
		{4403339E-02D9-43F6-B904-7CE8EB8F1C38}.AppStores|Any CPU.Build.0 = AppStores|Any CPU
		{4403339E-02D9-43F6-B904-7CE8EB8F1C38}.AppStores|iPhone.ActiveCfg = AppStores|Any CPU
		{4403339E-02D9-43F6-B904-7CE8EB8F1C38}.AppStores|iPhone.Build.0 = AppStores|Any CPU
		{4403339E-02D9-43F6-B904-7CE8EB8F1C38}.AppStores|iPhoneSimulator.ActiveCfg = AppStores|Any CPU
		{4403339E-02D9-43F6-B904-7CE8EB8F1C38}.AppStores|iPhoneSimulator.Build.0 = AppStores|Any CPU
		{4403339E-02D9-43F6-B904-7CE8EB8F1C38}.Development|Any CPU.ActiveCfg = Development|Any CPU
		{4403339E-02D9-43F6-B904-7CE8EB8F1C38}.Development|Any CPU.Build.0 = Development|Any CPU
		{4403339E-02D9-43F6-B904-7CE8EB8F1C38}.Development|iPhone.ActiveCfg = Development|Any CPU
		{4403339E-02D9-43F6-B904-7CE8EB8F1C38}.Development|iPhone.Build.0 = Development|Any CPU
		{4403339E-02D9-43F6-B904-7CE8EB8F1C38}.Development|iPhoneSimulator.ActiveCfg = Development|Any CPU
		{4403339E-02D9-43F6-B904-7CE8EB8F1C38}.Development|iPhoneSimulator.Build.0 = Development|Any CPU
		{4403339E-02D9-43F6-B904-7CE8EB8F1C38}.UAT|Any CPU.ActiveCfg = UAT|Any CPU
		{4403339E-02D9-43F6-B904-7CE8EB8F1C38}.UAT|Any CPU.Build.0 = UAT|Any CPU
		{4403339E-02D9-43F6-B904-7CE8EB8F1C38}.UAT|iPhone.ActiveCfg = UAT|Any CPU
		{4403339E-02D9-43F6-B904-7CE8EB8F1C38}.UAT|iPhone.Build.0 = UAT|Any CPU
		{4403339E-02D9-43F6-B904-7CE8EB8F1C38}.UAT|iPhoneSimulator.ActiveCfg = UAT|Any CPU
		{4403339E-02D9-43F6-B904-7CE8EB8F1C38}.UAT|iPhoneSimulator.Build.0 = UAT|Any CPU
		{4403339E-02D9-43F6-B904-7CE8EB8F1C38}.UAT-Release|Any CPU.ActiveCfg = UAT-Release|Any CPU
		{4403339E-02D9-43F6-B904-7CE8EB8F1C38}.UAT-Release|Any CPU.Build.0 = UAT-Release|Any CPU
		{4403339E-02D9-43F6-B904-7CE8EB8F1C38}.UAT-Release|iPhone.ActiveCfg = UAT-Release|Any CPU
		{4403339E-02D9-43F6-B904-7CE8EB8F1C38}.UAT-Release|iPhone.Build.0 = UAT-Release|Any CPU
		{4403339E-02D9-43F6-B904-7CE8EB8F1C38}.UAT-Release|iPhoneSimulator.ActiveCfg = UAT-Release|Any CPU
		{4403339E-02D9-43F6-B904-7CE8EB8F1C38}.UAT-Release|iPhoneSimulator.Build.0 = UAT-Release|Any CPU
	EndGlobalSection
	GlobalSection(SolutionProperties) = preSolution
		HideSolutionNode = FALSE
	EndGlobalSection
	GlobalSection(ExtensibilityGlobals) = postSolution
		SolutionGuid = {69EF839C-5451-4C3F-93A8-303CCE1A5092}
	EndGlobalSection
EndGlobal
